
Microsoft Visual Studio Solution File, Format Version 11.00
# Visual C++ Express 2010
Project("{8BC9CEB8-8B4A-11D0-8D11-00A0C91BC942}") = "NP_Homework_Server", "NP_Homework_Server\NP_Homework_Server.vcxproj", "{CFF59001-B3F7-4C54-A6FA-2B3D006D9833}"
EndProject
Global
	GlobalSection(SolutionConfigurationPlatforms) = preSolution
		Debug|Win32 = Debug|Win32
		Release|Win32 = Release|Win32
	EndGlobalSection
	GlobalSection(ProjectConfigurationPlatforms) = postSolution
		{CFF59001-B3F7-4C54-A6FA-2B3D006D9833}.Debug|Win32.ActiveCfg = Debug|Win32
		{CFF59001-B3F7-4C54-A6FA-2B3D006D9833}.Debug|Win32.Build.0 = Debug|Win32
		{CFF59001-B3F7-4C54-A6FA-2B3D006D9833}.Release|Win32.ActiveCfg = Release|Win32
		{CFF59001-B3F7-4C54-A6FA-2B3D006D9833}.Release|Win32.Build.0 = Release|Win32
	EndGlobalSection
	GlobalSection(SolutionProperties) = preSolution
		HideSolutionNode = FALSE
	EndGlobalSection
EndGlobal
